lockfileVersion: '9.0'

settings:
  autoInstallPeers: true
  excludeLinksFromLockfile: false

importers:

  .:
    dependencies:
      dotenv:
        specifier: ^16.4.5
        version: 16.4.5
      twitter-api-v2:
        specifier: ^1.18.0
        version: 1.18.0

packages:

  dotenv@16.4.5:
    resolution: {integrity: sha512-ZmdL2rui+eB2YwhsWzjInR8LldtZHGDoQ1ugH85ppHKwpUHL7j7rN0Ti9NCnGiQbhaZ11FpR+7ao1dNsmduNUg==}
    engines: {node: '>=12'}

  twitter-api-v2@1.18.0:
    resolution: {integrity: sha512-dhrj9wV2qQnHqlbFzt9qpb3mdK1oFcK3llFUnlFe8al19SrXlF3jHk3Y42wT0VRtF9LwpUeJ4QdHiqAiDgrTrg==}

snapshots:

  dotenv@16.4.5: {}

  twitter-api-v2@1.18.0: {}
